
Microsoft Visual Studio Solution File, Format Version 12.00
# Visual Studio Version 17
VisualStudioVersion = 17.10.34928.147
MinimumVisualStudioVersion = 10.0.40219.1
Project("{9A19103F-16F7-4668-BE54-9A1E7A4F7556}") = "IfoodMVC", "IfoodMVC\IfoodMVC.csproj", "{134A4AEA-EB94-40B9-957C-23F4B56AD2DC}"
EndProject
Project("{2150E333-8FDC-42A3-9474-1A3956D46DE8}") = "Solution Items", "Solution Items", "{A85F2C2A-2881-474E-8EDE-533D06879EBD}"
	ProjectSection(SolutionItems) = preProject
		.editorconfig = .editorconfig
	EndProjectSection
EndProject
Project("{FAE04EC0-301F-11D3-BF4B-00C04F79EFBC}") = "Ifood.Models", "Ifood.models\Ifood.Models.csproj", "{E14108DD-009C-4B57-A5F3-859AA8370F27}"
EndProject
Project("{FAE04EC0-301F-11D3-BF4B-00C04F79EFBC}") = "Ifood.Repository", "Ifood.Repository\Ifood.Repository.csproj", "{BAC0A9ED-119A-4BDB-AE15-66016D048C5A}"
EndProject
Project("{FAE04EC0-301F-11D3-BF4B-00C04F79EFBC}") = "Ifood.Services", "Ifood.Services\Ifood.Services.csproj", "{E5B9E89C-443F-4B07-A826-0B8E2CD7B10F}"
EndProject
Global
	GlobalSection(SolutionConfigurationPlatforms) = preSolution
		Debug|Any CPU = Debug|Any CPU
		Release|Any CPU = Release|Any CPU
	EndGlobalSection
	GlobalSection(ProjectConfigurationPlatforms) = postSolution
		{134A4AEA-EB94-40B9-957C-23F4B56AD2DC}.Debug|Any CPU.ActiveCfg = Debug|Any CPU
		{134A4AEA-EB94-40B9-957C-23F4B56AD2DC}.Debug|Any CPU.Build.0 = Debug|Any CPU
		{134A4AEA-EB94-40B9-957C-23F4B56AD2DC}.Release|Any CPU.ActiveCfg = Release|Any CPU
		{134A4AEA-EB94-40B9-957C-23F4B56AD2DC}.Release|Any CPU.Build.0 = Release|Any CPU
		{E14108DD-009C-4B57-A5F3-859AA8370F27}.Debug|Any CPU.ActiveCfg = Debug|Any CPU
		{E14108DD-009C-4B57-A5F3-859AA8370F27}.Debug|Any CPU.Build.0 = Debug|Any CPU
		{E14108DD-009C-4B57-A5F3-859AA8370F27}.Release|Any CPU.ActiveCfg = Release|Any CPU
		{E14108DD-009C-4B57-A5F3-859AA8370F27}.Release|Any CPU.Build.0 = Release|Any CPU
		{BAC0A9ED-119A-4BDB-AE15-66016D048C5A}.Debug|Any CPU.ActiveCfg = Debug|Any CPU
		{BAC0A9ED-119A-4BDB-AE15-66016D048C5A}.Debug|Any CPU.Build.0 = Debug|Any CPU
		{BAC0A9ED-119A-4BDB-AE15-66016D048C5A}.Release|Any CPU.ActiveCfg = Release|Any CPU
		{BAC0A9ED-119A-4BDB-AE15-66016D048C5A}.Release|Any CPU.Build.0 = Release|Any CPU
		{E5B9E89C-443F-4B07-A826-0B8E2CD7B10F}.Debug|Any CPU.ActiveCfg = Debug|Any CPU
		{E5B9E89C-443F-4B07-A826-0B8E2CD7B10F}.Debug|Any CPU.Build.0 = Debug|Any CPU
		{E5B9E89C-443F-4B07-A826-0B8E2CD7B10F}.Release|Any CPU.ActiveCfg = Release|Any CPU
		{E5B9E89C-443F-4B07-A826-0B8E2CD7B10F}.Release|Any CPU.Build.0 = Release|Any CPU
	EndGlobalSection
	GlobalSection(SolutionProperties) = preSolution
		HideSolutionNode = FALSE
	EndGlobalSection
	GlobalSection(ExtensibilityGlobals) = postSolution
		SolutionGuid = {ED1BDF39-4325-4F0C-A1CF-AC36684C0632}
	EndGlobalSection
EndGlobal
